
Microsoft Visual Studio Solution File, Format Version 12.00
# Visual Studio 15
VisualStudioVersion = 15.0.26730.3
MinimumVisualStudioVersion = 10.0.40219.1
Project("{8BC9CEB8-8B4A-11D0-8D11-00A0C91BC942}") = "TP6-Networking", "TP6-Networking\TP6-Networking.vcxproj", "{FC46DC07-7228-43FE-95F7-162AEE25E9FE}"
EndProject
Global
	GlobalSection(SolutionConfigurationPlatforms) = preSolution
		Debug|x64 = Debug|x64
		Debug|x86 = Debug|x86
		Release|x64 = Release|x64
		Release|x86 = Release|x86
	EndGlobalSection
	GlobalSection(ProjectConfigurationPlatforms) = postSolution
		{FC46DC07-7228-43FE-95F7-162AEE25E9FE}.Debug|x64.ActiveCfg = Debug|x64
		{FC46DC07-7228-43FE-95F7-162AEE25E9FE}.Debug|x64.Build.0 = Debug|x64
		{FC46DC07-7228-43FE-95F7-162AEE25E9FE}.Debug|x86.ActiveCfg = Debug|Win32
		{FC46DC07-7228-43FE-95F7-162AEE25E9FE}.Debug|x86.Build.0 = Debug|Win32
		{FC46DC07-7228-43FE-95F7-162AEE25E9FE}.Release|x64.ActiveCfg = Release|x64
		{FC46DC07-7228-43FE-95F7-162AEE25E9FE}.Release|x64.Build.0 = Release|x64
		{FC46DC07-7228-43FE-95F7-162AEE25E9FE}.Release|x86.ActiveCfg = Release|Win32
		{FC46DC07-7228-43FE-95F7-162AEE25E9FE}.Release|x86.Build.0 = Release|Win32
	EndGlobalSection
	GlobalSection(SolutionProperties) = preSolution
		HideSolutionNode = FALSE
	EndGlobalSection
	GlobalSection(ExtensibilityGlobals) = postSolution
		SolutionGuid = {7CB78688-12B5-4EA2-A90C-1B41493A0F90}
	EndGlobalSection
EndGlobal
